
Microsoft Visual Studio Solution File, Format Version 12.00
# Visual Studio Version 17
VisualStudioVersion = 17.2.32505.173
MinimumVisualStudioVersion = 10.0.40219.1
Project("{8BC9CEB8-8B4A-11D0-8D11-00A0C91BC942}") = "Practice1", "Practice1\Practice1.vcxproj", "{5C10B514-D460-4ACB-91E9-4814191566B8}"
EndProject
Project("{8BC9CEB8-8B4A-11D0-8D11-00A0C91BC942}") = "Practice2.1", "Practice2\Practice2.vcxproj", "{923E825F-6DB6-406B-AEDE-9D45CB346380}"
EndProject
Project("{8BC9CEB8-8B4A-11D0-8D11-00A0C91BC942}") = "SqrtFunction", "SqrtFunction\SqrtFunction.vcxproj", "{750FE311-B1B0-4838-9B6E-EB40BEEC681E}"
EndProject
Project("{8BC9CEB8-8B4A-11D0-8D11-00A0C91BC942}") = "Practice2.2", "Practice2.2\Practice2.2.vcxproj", "{39AEE338-E8FC-4CE5-A42E-3956F796A931}"
EndProject
Project("{8BC9CEB8-8B4A-11D0-8D11-00A0C91BC942}") = "Practice2.3", "Practive2.3\Practive2.3.vcxproj", "{898EA9B1-2229-4964-92BF-D8A62E98AE73}"
EndProject
Project("{8BC9CEB8-8B4A-11D0-8D11-00A0C91BC942}") = "Practice2.4", "Project 2.4\Project 2.4.vcxproj", "{E21C702C-F440-41FF-8662-2AB335D863F4}"
EndProject
Project("{8BC9CEB8-8B4A-11D0-8D11-00A0C91BC942}") = "Practice3.1", "Practice3.1\Practice3.1.vcxproj", "{79B61A3E-4CF3-498C-B0F3-8A19EB2BB647}"
EndProject
Project("{8BC9CEB8-8B4A-11D0-8D11-00A0C91BC942}") = "Practice3.2", "Practice3.2\Practice3.2.vcxproj", "{4E75D224-5E73-4351-B047-D7EC3E8625A9}"
EndProject
Project("{8BC9CEB8-8B4A-11D0-8D11-00A0C91BC942}") = "Practice3.3", "Practice3.3\Practice3.3.vcxproj", "{EDE39849-C0DB-44B3-BD46-ED86C7327587}"
EndProject
Project("{8BC9CEB8-8B4A-11D0-8D11-00A0C91BC942}") = "Practice 3.4", "Practice 3.4\Practice 3.4.vcxproj", "{42C3A1F9-B105-488E-8192-53AFE77F7D13}"
EndProject
Project("{8BC9CEB8-8B4A-11D0-8D11-00A0C91BC942}") = "Practice3.5", "Practice3.5\Practice3.5.vcxproj", "{F23CADC5-A12C-4402-A0F9-2B38AC8761CE}"
EndProject
Project("{8BC9CEB8-8B4A-11D0-8D11-00A0C91BC942}") = "Practice 4.1", "Practice 4.1\Practice 4.1.vcxproj", "{465ADB57-01A4-4FE2-AB56-7FA67D67198F}"
EndProject
Project("{8BC9CEB8-8B4A-11D0-8D11-00A0C91BC942}") = "Practice4.2", "Practice4.2\Practice4.2.vcxproj", "{AD53617C-5926-4FFB-B7C5-0F9F28277423}"
EndProject
Project("{8BC9CEB8-8B4A-11D0-8D11-00A0C91BC942}") = "Practice 5.1", "Practice 5.1\Practice 5.1.vcxproj", "{FF5E2206-1CF5-45FF-B91C-0B9DA67355C3}"
EndProject
Project("{8BC9CEB8-8B4A-11D0-8D11-00A0C91BC942}") = "Practice 5.2", "Practice 5.2\Practice 5.2.vcxproj", "{74A1EC37-F19F-4944-873A-78C8C9CF0AA1}"
EndProject
Project("{8BC9CEB8-8B4A-11D0-8D11-00A0C91BC942}") = "Practice5.3", "Practice5.3\Practice5.3.vcxproj", "{83617E85-4F8E-4DCA-8447-966ED51BE0BB}"
EndProject
Project("{8BC9CEB8-8B4A-11D0-8D11-00A0C91BC942}") = "Practice5.4", "Practice5.4\Practice5.4.vcxproj", "{19B23C1E-6069-4754-94CA-C93C48A54604}"
EndProject
Project("{8BC9CEB8-8B4A-11D0-8D11-00A0C91BC942}") = "Practice6.3", "Practice6.3\Practice6.3.vcxproj", "{8E82ED86-4891-42FD-B1C6-077F24EF047F}"
EndProject
Project("{8BC9CEB8-8B4A-11D0-8D11-00A0C91BC942}") = "Practice6.1", "Practice6.1\Practice6.1.vcxproj", "{9F3C2731-94BF-4A05-8CE5-E47B00D831B7}"
EndProject
Project("{8BC9CEB8-8B4A-11D0-8D11-00A0C91BC942}") = "Practice6.2", "Practice6.2\Practice6.2.vcxproj", "{7788147F-A33B-47E7-8A50-1DDBE103BF5C}"
EndProject
Project("{8BC9CEB8-8B4A-11D0-8D11-00A0C91BC942}") = "Practice7.1", "Practice7.1\Practice7.1.vcxproj", "{1591637B-22CE-4D41-90D6-6EC9D8519F1A}"
EndProject
Project("{8BC9CEB8-8B4A-11D0-8D11-00A0C91BC942}") = "Practice7.2", "Practice7.2\Practice7.2.vcxproj", "{D1DE9074-17AE-4588-986E-10DE160FC9F2}"
EndProject
Project("{8BC9CEB8-8B4A-11D0-8D11-00A0C91BC942}") = "Practice7.3", "Practice7.3\Practice7.3.vcxproj", "{04C54580-B3A7-4464-8F78-41377A91E989}"
EndProject
Project("{8BC9CEB8-8B4A-11D0-8D11-00A0C91BC942}") = "Practice8.1", "Practice8.1\Practice8.1.vcxproj", "{35310171-5B53-4FB7-B76E-387BD502C124}"
EndProject
Project("{8BC9CEB8-8B4A-11D0-8D11-00A0C91BC942}") = "Practice10.1.1", "Practice10.1.1\Practice10.1.1.vcxproj", "{9F7F6C66-3D0D-4F09-864A-885CBCBC8CC1}"
EndProject
Project("{8BC9CEB8-8B4A-11D0-8D11-00A0C91BC942}") = "Practice9.1", "Practice9.1\Practice9.1.vcxproj", "{2D382AA0-314D-4407-84CA-8640ED0340AE}"
EndProject
Project("{8BC9CEB8-8B4A-11D0-8D11-00A0C91BC942}") = "Practice9.2", "Practice9.2\Practice9.2.vcxproj", "{27578175-5509-46C2-8938-30743658BB59}"
EndProject
Project("{8BC9CEB8-8B4A-11D0-8D11-00A0C91BC942}") = "Practice 11.1", "Practice 11.1\Practice 11.1.vcxproj", "{EBF0697E-2331-4545-8059-74EDE66C9037}"
EndProject
Project("{8BC9CEB8-8B4A-11D0-8D11-00A0C91BC942}") = "Practice11.2", "Practice11.2\Practice11.2.vcxproj", "{90774BF2-6EFC-4E50-B11D-2671A802FAF6}"
EndProject
Global
	GlobalSection(SolutionConfigurationPlatforms) = preSolution
		Debug|x64 = Debug|x64
		Debug|x86 = Debug|x86
		Release|x64 = Release|x64
		Release|x86 = Release|x86
	EndGlobalSection
	GlobalSection(ProjectConfigurationPlatforms) = postSolution
		{5C10B514-D460-4ACB-91E9-4814191566B8}.Debug|x64.ActiveCfg = Debug|x64
		{5C10B514-D460-4ACB-91E9-4814191566B8}.Debug|x64.Build.0 = Debug|x64
		{5C10B514-D460-4ACB-91E9-4814191566B8}.Debug|x86.ActiveCfg = Debug|Win32
		{5C10B514-D460-4ACB-91E9-4814191566B8}.Debug|x86.Build.0 = Debug|Win32
		{5C10B514-D460-4ACB-91E9-4814191566B8}.Release|x64.ActiveCfg = Release|x64
		{5C10B514-D460-4ACB-91E9-4814191566B8}.Release|x64.Build.0 = Release|x64
		{5C10B514-D460-4ACB-91E9-4814191566B8}.Release|x86.ActiveCfg = Release|Win32
		{5C10B514-D460-4ACB-91E9-4814191566B8}.Release|x86.Build.0 = Release|Win32
		{923E825F-6DB6-406B-AEDE-9D45CB346380}.Debug|x64.ActiveCfg = Debug|x64
		{923E825F-6DB6-406B-AEDE-9D45CB346380}.Debug|x64.Build.0 = Debug|x64
		{923E825F-6DB6-406B-AEDE-9D45CB346380}.Debug|x86.ActiveCfg = Debug|Win32
		{923E825F-6DB6-406B-AEDE-9D45CB346380}.Debug|x86.Build.0 = Debug|Win32
		{923E825F-6DB6-406B-AEDE-9D45CB346380}.Release|x64.ActiveCfg = Release|x64
		{923E825F-6DB6-406B-AEDE-9D45CB346380}.Release|x64.Build.0 = Release|x64
		{923E825F-6DB6-406B-AEDE-9D45CB346380}.Release|x86.ActiveCfg = Release|Win32
		{923E825F-6DB6-406B-AEDE-9D45CB346380}.Release|x86.Build.0 = Release|Win32
		{750FE311-B1B0-4838-9B6E-EB40BEEC681E}.Debug|x64.ActiveCfg = Debug|x64
		{750FE311-B1B0-4838-9B6E-EB40BEEC681E}.Debug|x64.Build.0 = Debug|x64
		{750FE311-B1B0-4838-9B6E-EB40BEEC681E}.Debug|x86.ActiveCfg = Debug|Win32
		{750FE311-B1B0-4838-9B6E-EB40BEEC681E}.Debug|x86.Build.0 = Debug|Win32
		{750FE311-B1B0-4838-9B6E-EB40BEEC681E}.Release|x64.ActiveCfg = Release|x64
		{750FE311-B1B0-4838-9B6E-EB40BEEC681E}.Release|x64.Build.0 = Release|x64
		{750FE311-B1B0-4838-9B6E-EB40BEEC681E}.Release|x86.ActiveCfg = Release|Win32
		{750FE311-B1B0-4838-9B6E-EB40BEEC681E}.Release|x86.Build.0 = Release|Win32
		{39AEE338-E8FC-4CE5-A42E-3956F796A931}.Debug|x64.ActiveCfg = Debug|x64
		{39AEE338-E8FC-4CE5-A42E-3956F796A931}.Debug|x64.Build.0 = Debug|x64
		{39AEE338-E8FC-4CE5-A42E-3956F796A931}.Debug|x86.ActiveCfg = Debug|Win32
		{39AEE338-E8FC-4CE5-A42E-3956F796A931}.Debug|x86.Build.0 = Debug|Win32
		{39AEE338-E8FC-4CE5-A42E-3956F796A931}.Release|x64.ActiveCfg = Release|x64
		{39AEE338-E8FC-4CE5-A42E-3956F796A931}.Release|x64.Build.0 = Release|x64
		{39AEE338-E8FC-4CE5-A42E-3956F796A931}.Release|x86.ActiveCfg = Release|Win32
		{39AEE338-E8FC-4CE5-A42E-3956F796A931}.Release|x86.Build.0 = Release|Win32
		{898EA9B1-2229-4964-92BF-D8A62E98AE73}.Debug|x64.ActiveCfg = Debug|x64
		{898EA9B1-2229-4964-92BF-D8A62E98AE73}.Debug|x64.Build.0 = Debug|x64
		{898EA9B1-2229-4964-92BF-D8A62E98AE73}.Debug|x86.ActiveCfg = Debug|Win32
		{898EA9B1-2229-4964-92BF-D8A62E98AE73}.Debug|x86.Build.0 = Debug|Win32
		{898EA9B1-2229-4964-92BF-D8A62E98AE73}.Release|x64.ActiveCfg = Release|x64
		{898EA9B1-2229-4964-92BF-D8A62E98AE73}.Release|x64.Build.0 = Release|x64
		{898EA9B1-2229-4964-92BF-D8A62E98AE73}.Release|x86.ActiveCfg = Release|Win32
		{898EA9B1-2229-4964-92BF-D8A62E98AE73}.Release|x86.Build.0 = Release|Win32
		{E21C702C-F440-41FF-8662-2AB335D863F4}.Debug|x64.ActiveCfg = Debug|x64
		{E21C702C-F440-41FF-8662-2AB335D863F4}.Debug|x64.Build.0 = Debug|x64
		{E21C702C-F440-41FF-8662-2AB335D863F4}.Debug|x86.ActiveCfg = Debug|Win32
		{E21C702C-F440-41FF-8662-2AB335D863F4}.Debug|x86.Build.0 = Debug|Win32
		{E21C702C-F440-41FF-8662-2AB335D863F4}.Release|x64.ActiveCfg = Release|x64
		{E21C702C-F440-41FF-8662-2AB335D863F4}.Release|x64.Build.0 = Release|x64
		{E21C702C-F440-41FF-8662-2AB335D863F4}.Release|x86.ActiveCfg = Release|Win32
		{E21C702C-F440-41FF-8662-2AB335D863F4}.Release|x86.Build.0 = Release|Win32
		{79B61A3E-4CF3-498C-B0F3-8A19EB2BB647}.Debug|x64.ActiveCfg = Debug|x64
		{79B61A3E-4CF3-498C-B0F3-8A19EB2BB647}.Debug|x64.Build.0 = Debug|x64
		{79B61A3E-4CF3-498C-B0F3-8A19EB2BB647}.Debug|x86.ActiveCfg = Debug|Win32
		{79B61A3E-4CF3-498C-B0F3-8A19EB2BB647}.Debug|x86.Build.0 = Debug|Win32
		{79B61A3E-4CF3-498C-B0F3-8A19EB2BB647}.Release|x64.ActiveCfg = Release|x64
		{79B61A3E-4CF3-498C-B0F3-8A19EB2BB647}.Release|x64.Build.0 = Release|x64
		{79B61A3E-4CF3-498C-B0F3-8A19EB2BB647}.Release|x86.ActiveCfg = Release|Win32
		{79B61A3E-4CF3-498C-B0F3-8A19EB2BB647}.Release|x86.Build.0 = Release|Win32
		{4E75D224-5E73-4351-B047-D7EC3E8625A9}.Debug|x64.ActiveCfg = Debug|x64
		{4E75D224-5E73-4351-B047-D7EC3E8625A9}.Debug|x64.Build.0 = Debug|x64
		{4E75D224-5E73-4351-B047-D7EC3E8625A9}.Debug|x86.ActiveCfg = Debug|Win32
		{4E75D224-5E73-4351-B047-D7EC3E8625A9}.Debug|x86.Build.0 = Debug|Win32
		{4E75D224-5E73-4351-B047-D7EC3E8625A9}.Release|x64.ActiveCfg = Release|x64
		{4E75D224-5E73-4351-B047-D7EC3E8625A9}.Release|x64.Build.0 = Release|x64
		{4E75D224-5E73-4351-B047-D7EC3E8625A9}.Release|x86.ActiveCfg = Release|Win32
		{4E75D224-5E73-4351-B047-D7EC3E8625A9}.Release|x86.Build.0 = Release|Win32
		{EDE39849-C0DB-44B3-BD46-ED86C7327587}.Debug|x64.ActiveCfg = Debug|x64
		{EDE39849-C0DB-44B3-BD46-ED86C7327587}.Debug|x64.Build.0 = Debug|x64
		{EDE39849-C0DB-44B3-BD46-ED86C7327587}.Debug|x86.ActiveCfg = Debug|Win32
		{EDE39849-C0DB-44B3-BD46-ED86C7327587}.Debug|x86.Build.0 = Debug|Win32
		{EDE39849-C0DB-44B3-BD46-ED86C7327587}.Release|x64.ActiveCfg = Release|x64
		{EDE39849-C0DB-44B3-BD46-ED86C7327587}.Release|x64.Build.0 = Release|x64
		{EDE39849-C0DB-44B3-BD46-ED86C7327587}.Release|x86.ActiveCfg = Release|Win32
		{EDE39849-C0DB-44B3-BD46-ED86C7327587}.Release|x86.Build.0 = Release|Win32
		{42C3A1F9-B105-488E-8192-53AFE77F7D13}.Debug|x64.ActiveCfg = Debug|x64
		{42C3A1F9-B105-488E-8192-53AFE77F7D13}.Debug|x64.Build.0 = Debug|x64
		{42C3A1F9-B105-488E-8192-53AFE77F7D13}.Debug|x86.ActiveCfg = Debug|Win32
		{42C3A1F9-B105-488E-8192-53AFE77F7D13}.Debug|x86.Build.0 = Debug|Win32
		{42C3A1F9-B105-488E-8192-53AFE77F7D13}.Release|x64.ActiveCfg = Release|x64
		{42C3A1F9-B105-488E-8192-53AFE77F7D13}.Release|x64.Build.0 = Release|x64
		{42C3A1F9-B105-488E-8192-53AFE77F7D13}.Release|x86.ActiveCfg = Release|Win32
		{42C3A1F9-B105-488E-8192-53AFE77F7D13}.Release|x86.Build.0 = Release|Win32
		{F23CADC5-A12C-4402-A0F9-2B38AC8761CE}.Debug|x64.ActiveCfg = Debug|x64
		{F23CADC5-A12C-4402-A0F9-2B38AC8761CE}.Debug|x64.Build.0 = Debug|x64
		{F23CADC5-A12C-4402-A0F9-2B38AC8761CE}.Debug|x86.ActiveCfg = Debug|Win32
		{F23CADC5-A12C-4402-A0F9-2B38AC8761CE}.Debug|x86.Build.0 = Debug|Win32
		{F23CADC5-A12C-4402-A0F9-2B38AC8761CE}.Release|x64.ActiveCfg = Release|x64
		{F23CADC5-A12C-4402-A0F9-2B38AC8761CE}.Release|x64.Build.0 = Release|x64
		{F23CADC5-A12C-4402-A0F9-2B38AC8761CE}.Release|x86.ActiveCfg = Release|Win32
		{F23CADC5-A12C-4402-A0F9-2B38AC8761CE}.Release|x86.Build.0 = Release|Win32
		{465ADB57-01A4-4FE2-AB56-7FA67D67198F}.Debug|x64.ActiveCfg = Debug|x64
		{465ADB57-01A4-4FE2-AB56-7FA67D67198F}.Debug|x64.Build.0 = Debug|x64
		{465ADB57-01A4-4FE2-AB56-7FA67D67198F}.Debug|x86.ActiveCfg = Debug|Win32
		{465ADB57-01A4-4FE2-AB56-7FA67D67198F}.Debug|x86.Build.0 = Debug|Win32
		{465ADB57-01A4-4FE2-AB56-7FA67D67198F}.Release|x64.ActiveCfg = Release|x64
		{465ADB57-01A4-4FE2-AB56-7FA67D67198F}.Release|x64.Build.0 = Release|x64
		{465ADB57-01A4-4FE2-AB56-7FA67D67198F}.Release|x86.ActiveCfg = Release|Win32
		{465ADB57-01A4-4FE2-AB56-7FA67D67198F}.Release|x86.Build.0 = Release|Win32
		{AD53617C-5926-4FFB-B7C5-0F9F28277423}.Debug|x64.ActiveCfg = Debug|x64
		{AD53617C-5926-4FFB-B7C5-0F9F28277423}.Debug|x64.Build.0 = Debug|x64
		{AD53617C-5926-4FFB-B7C5-0F9F28277423}.Debug|x86.ActiveCfg = Debug|Win32
		{AD53617C-5926-4FFB-B7C5-0F9F28277423}.Debug|x86.Build.0 = Debug|Win32
		{AD53617C-5926-4FFB-B7C5-0F9F28277423}.Release|x64.ActiveCfg = Release|x64
		{AD53617C-5926-4FFB-B7C5-0F9F28277423}.Release|x64.Build.0 = Release|x64
		{AD53617C-5926-4FFB-B7C5-0F9F28277423}.Release|x86.ActiveCfg = Release|Win32
		{AD53617C-5926-4FFB-B7C5-0F9F28277423}.Release|x86.Build.0 = Release|Win32
		{FF5E2206-1CF5-45FF-B91C-0B9DA67355C3}.Debug|x64.ActiveCfg = Debug|x64
		{FF5E2206-1CF5-45FF-B91C-0B9DA67355C3}.Debug|x64.Build.0 = Debug|x64
		{FF5E2206-1CF5-45FF-B91C-0B9DA67355C3}.Debug|x86.ActiveCfg = Debug|Win32
		{FF5E2206-1CF5-45FF-B91C-0B9DA67355C3}.Debug|x86.Build.0 = Debug|Win32
		{FF5E2206-1CF5-45FF-B91C-0B9DA67355C3}.Release|x64.ActiveCfg = Release|x64
		{FF5E2206-1CF5-45FF-B91C-0B9DA67355C3}.Release|x64.Build.0 = Release|x64
		{FF5E2206-1CF5-45FF-B91C-0B9DA67355C3}.Release|x86.ActiveCfg = Release|Win32
		{FF5E2206-1CF5-45FF-B91C-0B9DA67355C3}.Release|x86.Build.0 = Release|Win32
		{74A1EC37-F19F-4944-873A-78C8C9CF0AA1}.Debug|x64.ActiveCfg = Debug|x64
		{74A1EC37-F19F-4944-873A-78C8C9CF0AA1}.Debug|x64.Build.0 = Debug|x64
		{74A1EC37-F19F-4944-873A-78C8C9CF0AA1}.Debug|x86.ActiveCfg = Debug|Win32
		{74A1EC37-F19F-4944-873A-78C8C9CF0AA1}.Debug|x86.Build.0 = Debug|Win32
		{74A1EC37-F19F-4944-873A-78C8C9CF0AA1}.Release|x64.ActiveCfg = Release|x64
		{74A1EC37-F19F-4944-873A-78C8C9CF0AA1}.Release|x64.Build.0 = Release|x64
		{74A1EC37-F19F-4944-873A-78C8C9CF0AA1}.Release|x86.ActiveCfg = Release|Win32
		{74A1EC37-F19F-4944-873A-78C8C9CF0AA1}.Release|x86.Build.0 = Release|Win32
		{83617E85-4F8E-4DCA-8447-966ED51BE0BB}.Debug|x64.ActiveCfg = Debug|x64
		{83617E85-4F8E-4DCA-8447-966ED51BE0BB}.Debug|x64.Build.0 = Debug|x64
		{83617E85-4F8E-4DCA-8447-966ED51BE0BB}.Debug|x86.ActiveCfg = Debug|Win32
		{83617E85-4F8E-4DCA-8447-966ED51BE0BB}.Debug|x86.Build.0 = Debug|Win32
		{83617E85-4F8E-4DCA-8447-966ED51BE0BB}.Release|x64.ActiveCfg = Release|x64
		{83617E85-4F8E-4DCA-8447-966ED51BE0BB}.Release|x64.Build.0 = Release|x64
		{83617E85-4F8E-4DCA-8447-966ED51BE0BB}.Release|x86.ActiveCfg = Release|Win32
		{83617E85-4F8E-4DCA-8447-966ED51BE0BB}.Release|x86.Build.0 = Release|Win32
		{19B23C1E-6069-4754-94CA-C93C48A54604}.Debug|x64.ActiveCfg = Debug|x64
		{19B23C1E-6069-4754-94CA-C93C48A54604}.Debug|x64.Build.0 = Debug|x64
		{19B23C1E-6069-4754-94CA-C93C48A54604}.Debug|x86.ActiveCfg = Debug|Win32
		{19B23C1E-6069-4754-94CA-C93C48A54604}.Debug|x86.Build.0 = Debug|Win32
		{19B23C1E-6069-4754-94CA-C93C48A54604}.Release|x64.ActiveCfg = Release|x64
		{19B23C1E-6069-4754-94CA-C93C48A54604}.Release|x64.Build.0 = Release|x64
		{19B23C1E-6069-4754-94CA-C93C48A54604}.Release|x86.ActiveCfg = Release|Win32
		{19B23C1E-6069-4754-94CA-C93C48A54604}.Release|x86.Build.0 = Release|Win32
		{8E82ED86-4891-42FD-B1C6-077F24EF047F}.Debug|x64.ActiveCfg = Debug|x64
		{8E82ED86-4891-42FD-B1C6-077F24EF047F}.Debug|x64.Build.0 = Debug|x64
		{8E82ED86-4891-42FD-B1C6-077F24EF047F}.Debug|x86.ActiveCfg = Debug|Win32
		{8E82ED86-4891-42FD-B1C6-077F24EF047F}.Debug|x86.Build.0 = Debug|Win32
		{8E82ED86-4891-42FD-B1C6-077F24EF047F}.Release|x64.ActiveCfg = Release|x64
		{8E82ED86-4891-42FD-B1C6-077F24EF047F}.Release|x64.Build.0 = Release|x64
		{8E82ED86-4891-42FD-B1C6-077F24EF047F}.Release|x86.ActiveCfg = Release|Win32
		{8E82ED86-4891-42FD-B1C6-077F24EF047F}.Release|x86.Build.0 = Release|Win32
		{9F3C2731-94BF-4A05-8CE5-E47B00D831B7}.Debug|x64.ActiveCfg = Debug|x64
		{9F3C2731-94BF-4A05-8CE5-E47B00D831B7}.Debug|x64.Build.0 = Debug|x64
		{9F3C2731-94BF-4A05-8CE5-E47B00D831B7}.Debug|x86.ActiveCfg = Debug|Win32
		{9F3C2731-94BF-4A05-8CE5-E47B00D831B7}.Debug|x86.Build.0 = Debug|Win32
		{9F3C2731-94BF-4A05-8CE5-E47B00D831B7}.Release|x64.ActiveCfg = Release|x64
		{9F3C2731-94BF-4A05-8CE5-E47B00D831B7}.Release|x64.Build.0 = Release|x64
		{9F3C2731-94BF-4A05-8CE5-E47B00D831B7}.Release|x86.ActiveCfg = Release|Win32
		{9F3C2731-94BF-4A05-8CE5-E47B00D831B7}.Release|x86.Build.0 = Release|Win32
		{7788147F-A33B-47E7-8A50-1DDBE103BF5C}.Debug|x64.ActiveCfg = Debug|x64
		{7788147F-A33B-47E7-8A50-1DDBE103BF5C}.Debug|x64.Build.0 = Debug|x64
		{7788147F-A33B-47E7-8A50-1DDBE103BF5C}.Debug|x86.ActiveCfg = Debug|Win32
		{7788147F-A33B-47E7-8A50-1DDBE103BF5C}.Debug|x86.Build.0 = Debug|Win32
		{7788147F-A33B-47E7-8A50-1DDBE103BF5C}.Release|x64.ActiveCfg = Release|x64
		{7788147F-A33B-47E7-8A50-1DDBE103BF5C}.Release|x64.Build.0 = Release|x64
		{7788147F-A33B-47E7-8A50-1DDBE103BF5C}.Release|x86.ActiveCfg = Release|Win32
		{7788147F-A33B-47E7-8A50-1DDBE103BF5C}.Release|x86.Build.0 = Release|Win32
		{1591637B-22CE-4D41-90D6-6EC9D8519F1A}.Debug|x64.ActiveCfg = Debug|x64
		{1591637B-22CE-4D41-90D6-6EC9D8519F1A}.Debug|x64.Build.0 = Debug|x64
		{1591637B-22CE-4D41-90D6-6EC9D8519F1A}.Debug|x86.ActiveCfg = Debug|Win32
		{1591637B-22CE-4D41-90D6-6EC9D8519F1A}.Debug|x86.Build.0 = Debug|Win32
		{1591637B-22CE-4D41-90D6-6EC9D8519F1A}.Release|x64.ActiveCfg = Release|x64
		{1591637B-22CE-4D41-90D6-6EC9D8519F1A}.Release|x64.Build.0 = Release|x64
		{1591637B-22CE-4D41-90D6-6EC9D8519F1A}.Release|x86.ActiveCfg = Release|Win32
		{1591637B-22CE-4D41-90D6-6EC9D8519F1A}.Release|x86.Build.0 = Release|Win32
		{D1DE9074-17AE-4588-986E-10DE160FC9F2}.Debug|x64.ActiveCfg = Debug|x64
		{D1DE9074-17AE-4588-986E-10DE160FC9F2}.Debug|x64.Build.0 = Debug|x64
		{D1DE9074-17AE-4588-986E-10DE160FC9F2}.Debug|x86.ActiveCfg = Debug|Win32
		{D1DE9074-17AE-4588-986E-10DE160FC9F2}.Debug|x86.Build.0 = Debug|Win32
		{D1DE9074-17AE-4588-986E-10DE160FC9F2}.Release|x64.ActiveCfg = Release|x64
		{D1DE9074-17AE-4588-986E-10DE160FC9F2}.Release|x64.Build.0 = Release|x64
		{D1DE9074-17AE-4588-986E-10DE160FC9F2}.Release|x86.ActiveCfg = Release|Win32
		{D1DE9074-17AE-4588-986E-10DE160FC9F2}.Release|x86.Build.0 = Release|Win32
		{04C54580-B3A7-4464-8F78-41377A91E989}.Debug|x64.ActiveCfg = Debug|x64
		{04C54580-B3A7-4464-8F78-41377A91E989}.Debug|x64.Build.0 = Debug|x64
		{04C54580-B3A7-4464-8F78-41377A91E989}.Debug|x86.ActiveCfg = Debug|Win32
		{04C54580-B3A7-4464-8F78-41377A91E989}.Debug|x86.Build.0 = Debug|Win32
		{04C54580-B3A7-4464-8F78-41377A91E989}.Release|x64.ActiveCfg = Release|x64
		{04C54580-B3A7-4464-8F78-41377A91E989}.Release|x64.Build.0 = Release|x64
		{04C54580-B3A7-4464-8F78-41377A91E989}.Release|x86.ActiveCfg = Release|Win32
		{04C54580-B3A7-4464-8F78-41377A91E989}.Release|x86.Build.0 = Release|Win32
		{35310171-5B53-4FB7-B76E-387BD502C124}.Debug|x64.ActiveCfg = Debug|x64
		{35310171-5B53-4FB7-B76E-387BD502C124}.Debug|x64.Build.0 = Debug|x64
		{35310171-5B53-4FB7-B76E-387BD502C124}.Debug|x86.ActiveCfg = Debug|Win32
		{35310171-5B53-4FB7-B76E-387BD502C124}.Debug|x86.Build.0 = Debug|Win32
		{35310171-5B53-4FB7-B76E-387BD502C124}.Release|x64.ActiveCfg = Release|x64
		{35310171-5B53-4FB7-B76E-387BD502C124}.Release|x64.Build.0 = Release|x64
		{35310171-5B53-4FB7-B76E-387BD502C124}.Release|x86.ActiveCfg = Release|Win32
		{35310171-5B53-4FB7-B76E-387BD502C124}.Release|x86.Build.0 = Release|Win32
		{9F7F6C66-3D0D-4F09-864A-885CBCBC8CC1}.Debug|x64.ActiveCfg = Debug|x64
		{9F7F6C66-3D0D-4F09-864A-885CBCBC8CC1}.Debug|x64.Build.0 = Debug|x64
		{9F7F6C66-3D0D-4F09-864A-885CBCBC8CC1}.Debug|x86.ActiveCfg = Debug|Win32
		{9F7F6C66-3D0D-4F09-864A-885CBCBC8CC1}.Debug|x86.Build.0 = Debug|Win32
		{9F7F6C66-3D0D-4F09-864A-885CBCBC8CC1}.Release|x64.ActiveCfg = Release|x64
		{9F7F6C66-3D0D-4F09-864A-885CBCBC8CC1}.Release|x64.Build.0 = Release|x64
		{9F7F6C66-3D0D-4F09-864A-885CBCBC8CC1}.Release|x86.ActiveCfg = Release|Win32
		{9F7F6C66-3D0D-4F09-864A-885CBCBC8CC1}.Release|x86.Build.0 = Release|Win32
		{2D382AA0-314D-4407-84CA-8640ED0340AE}.Debug|x64.ActiveCfg = Debug|x64
		{2D382AA0-314D-4407-84CA-8640ED0340AE}.Debug|x64.Build.0 = Debug|x64
		{2D382AA0-314D-4407-84CA-8640ED0340AE}.Debug|x86.ActiveCfg = Debug|Win32
		{2D382AA0-314D-4407-84CA-8640ED0340AE}.Debug|x86.Build.0 = Debug|Win32
		{2D382AA0-314D-4407-84CA-8640ED0340AE}.Release|x64.ActiveCfg = Release|x64
		{2D382AA0-314D-4407-84CA-8640ED0340AE}.Release|x64.Build.0 = Release|x64
		{2D382AA0-314D-4407-84CA-8640ED0340AE}.Release|x86.ActiveCfg = Release|Win32
		{2D382AA0-314D-4407-84CA-8640ED0340AE}.Release|x86.Build.0 = Release|Win32
		{27578175-5509-46C2-8938-30743658BB59}.Debug|x64.ActiveCfg = Debug|x64
		{27578175-5509-46C2-8938-30743658BB59}.Debug|x64.Build.0 = Debug|x64
		{27578175-5509-46C2-8938-30743658BB59}.Debug|x86.ActiveCfg = Debug|Win32
		{27578175-5509-46C2-8938-30743658BB59}.Debug|x86.Build.0 = Debug|Win32
		{27578175-5509-46C2-8938-30743658BB59}.Release|x64.ActiveCfg = Release|x64
		{27578175-5509-46C2-8938-30743658BB59}.Release|x64.Build.0 = Release|x64
		{27578175-5509-46C2-8938-30743658BB59}.Release|x86.ActiveCfg = Release|Win32
		{27578175-5509-46C2-8938-30743658BB59}.Release|x86.Build.0 = Release|Win32
		{EBF0697E-2331-4545-8059-74EDE66C9037}.Debug|x64.ActiveCfg = Debug|x64
		{EBF0697E-2331-4545-8059-74EDE66C9037}.Debug|x64.Build.0 = Debug|x64
		{EBF0697E-2331-4545-8059-74EDE66C9037}.Debug|x86.ActiveCfg = Debug|Win32
		{EBF0697E-2331-4545-8059-74EDE66C9037}.Debug|x86.Build.0 = Debug|Win32
		{EBF0697E-2331-4545-8059-74EDE66C9037}.Release|x64.ActiveCfg = Release|x64
		{EBF0697E-2331-4545-8059-74EDE66C9037}.Release|x64.Build.0 = Release|x64
		{EBF0697E-2331-4545-8059-74EDE66C9037}.Release|x86.ActiveCfg = Release|Win32
		{EBF0697E-2331-4545-8059-74EDE66C9037}.Release|x86.Build.0 = Release|Win32
		{90774BF2-6EFC-4E50-B11D-2671A802FAF6}.Debug|x64.ActiveCfg = Debug|x64
		{90774BF2-6EFC-4E50-B11D-2671A802FAF6}.Debug|x64.Build.0 = Debug|x64
		{90774BF2-6EFC-4E50-B11D-2671A802FAF6}.Debug|x86.ActiveCfg = Debug|Win32
		{90774BF2-6EFC-4E50-B11D-2671A802FAF6}.Debug|x86.Build.0 = Debug|Win32
		{90774BF2-6EFC-4E50-B11D-2671A802FAF6}.Release|x64.ActiveCfg = Release|x64
		{90774BF2-6EFC-4E50-B11D-2671A802FAF6}.Release|x64.Build.0 = Release|x64
		{90774BF2-6EFC-4E50-B11D-2671A802FAF6}.Release|x86.ActiveCfg = Release|Win32
		{90774BF2-6EFC-4E50-B11D-2671A802FAF6}.Release|x86.Build.0 = Release|Win32
	EndGlobalSection
	GlobalSection(SolutionProperties) = preSolution
		HideSolutionNode = FALSE
	EndGlobalSection
	GlobalSection(ExtensibilityGlobals) = postSolution
		SolutionGuid = {0A59CF00-F54A-4568-89C1-0886A8EC9A37}
	EndGlobalSection
EndGlobal
